# This file is @generated by PDM.
# It is not intended for manual editing.

[metadata]
groups = ["default"]
strategy = ["inherit_metadata"]
lock_version = "4.5.0"
content_hash = "sha256:1503637fadc1d2bc396f8d6080e85b1c2561c6f8c2fb2d0e4655732d3507b454"

[[metadata.targets]]
requires_python = ">=3.8"
